// !$*UTF8*$!
{
	archiveVersion = 1;
	classes = {
	};
	objectVersion = 77;
	objects = {

/* Begin PBXBuildFile section */
		A1B2C3D401234567890ABCDE /* APIKeyResolver.swift in Sources */ = {isa = PBXBuildFile; fileRef = F1E2D3C401234567890ABCDE /* APIKeyResolver.swift */; };
		A1B2C3D402234567890ABCDE /* GeminiService.swift in Sources */ = {isa = PBXBuildFile; fileRef = F1E2D3C402234567890ABCDE /* GeminiService.swift */; };
		A1B2C3D403234567890ABCDE /* HealthKitService.swift in Sources */ = {isa = PBXBuildFile; fileRef = F1E2D3C403234567890ABCDE /* HealthKitService.swift */; };
		A1B2C3D404234567890ABCDE /* UserProfileRepository.swift in Sources */ = {isa = PBXBuildFile; fileRef = F1E2D3C404234567890ABCDE /* UserProfileRepository.swift */; };
		A1B2C3D405234567890ABCDE /* UnitFormatters.swift in Sources */ = {isa = PBXBuildFile; fileRef = F1E2D3C405234567890ABCDE /* UnitFormatters.swift */; };
		A1B2C3D406234567890ABCDE /* UserProfile+Display.swift in Sources */ = {isa = PBXBuildFile; fileRef = F1E2D3C406234567890ABCDE /* UserProfile+Display.swift */; };
		A1B2C3D407234567890ABCDE /* OnboardingStep.swift in Sources */ = {isa = PBXBuildFile; fileRef = F1E2D3C407234567890ABCDE /* OnboardingStep.swift */; };
		A1B2C3D408234567890ABCDE /* ProfileDraft.swift in Sources */ = {isa = PBXBuildFile; fileRef = F1E2D3C408234567890ABCDE /* ProfileDraft.swift */; };
		A1B2C3D409234567890ABCDE /* OnboardingViewModel.swift in Sources */ = {isa = PBXBuildFile; fileRef = F1E2D3C409234567890ABCDE /* OnboardingViewModel.swift */; };
		A1B2C3D40A234567890ABCDE /* OnboardingView.swift in Sources */ = {isa = PBXBuildFile; fileRef = F1E2D3C40A234567890ABCDE /* OnboardingView.swift */; };
		A1B2C3D40B234567890ABCDE /* WelcomeStepView.swift in Sources */ = {isa = PBXBuildFile; fileRef = F1E2D3C40B234567890ABCDE /* WelcomeStepView.swift */; };
		A1B2C3D40C234567890ABCDE /* ProfileSetupStepView.swift in Sources */ = {isa = PBXBuildFile; fileRef = F1E2D3C40C234567890ABCDE /* ProfileSetupStepView.swift */; };
		A1B2C3D40D234567890ABCDE /* GoalSetupStepView.swift in Sources */ = {isa = PBXBuildFile; fileRef = F1E2D3C40D234567890ABCDE /* GoalSetupStepView.swift */; };
		A1B2C3D40E234567890ABCDE /* CalorieTargetPreviewStepView.swift in Sources */ = {isa = PBXBuildFile; fileRef = F1E2D3C40E234567890ABCDE /* CalorieTargetPreviewStepView.swift */; };
		A1B2C3D40F234567890ABCDE /* HealthKitPermissionStepView.swift in Sources */ = {isa = PBXBuildFile; fileRef = F1E2D3C40F234567890ABCDE /* HealthKitPermissionStepView.swift */; };
		A1B2C3D410234567890ABCDE /* APIKeySetupStepView.swift in Sources */ = {isa = PBXBuildFile; fileRef = F1E2D3C410234567890ABCDE /* APIKeySetupStepView.swift */; };
		A1B2C3D411234567890ABCDE /* OnboardingDoneStepView.swift in Sources */ = {isa = PBXBuildFile; fileRef = F1E2D3C411234567890ABCDE /* OnboardingDoneStepView.swift */; };
		A1B2C3D412234567890ABCDE /* DashboardView.swift in Sources */ = {isa = PBXBuildFile; fileRef = F1E2D3C412234567890ABCDE /* DashboardView.swift */; };
		A1B2C3D413234567890ABCDE /* OnboardingViewModelTests.swift in Sources */ = {isa = PBXBuildFile; fileRef = F1E2D3C413234567890ABCDE /* OnboardingViewModelTests.swift */; };
		PR3B001234567890ABCDEF01 /* MealRepository.swift in Sources */ = {isa = PBXBuildFile; fileRef = PR3F001234567890ABCDEF01 /* MealRepository.swift */; };
		PR3B002234567890ABCDEF01 /* WeighInRepository.swift in Sources */ = {isa = PBXBuildFile; fileRef = PR3F002234567890ABCDEF01 /* WeighInRepository.swift */; };
		PR3B003234567890ABCDEF01 /* DashboardViewModel.swift in Sources */ = {isa = PBXBuildFile; fileRef = PR3F003234567890ABCDEF01 /* DashboardViewModel.swift */; };
		PR3B004234567890ABCDEF01 /* ProfileSwitcherView.swift in Sources */ = {isa = PBXBuildFile; fileRef = PR3F004234567890ABCDEF01 /* ProfileSwitcherView.swift */; };
		PR3B005234567890ABCDEF01 /* CalorieRingCard.swift in Sources */ = {isa = PBXBuildFile; fileRef = PR3F005234567890ABCDEF01 /* CalorieRingCard.swift */; };
		PR3B006234567890ABCDEF01 /* MacroBarCard.swift in Sources */ = {isa = PBXBuildFile; fileRef = PR3F006234567890ABCDEF01 /* MacroBarCard.swift */; };
		PR3B007234567890ABCDEF01 /* TodaysMealsSection.swift in Sources */ = {isa = PBXBuildFile; fileRef = PR3F007234567890ABCDEF01 /* TodaysMealsSection.swift */; };
		PR3B008234567890ABCDEF01 /* WeightTrendMiniChart.swift in Sources */ = {isa = PBXBuildFile; fileRef = PR3F008234567890ABCDEF01 /* WeightTrendMiniChart.swift */; };
		PR3B009234567890ABCDEF01 /* PlateauAlertSheet.swift in Sources */ = {isa = PBXBuildFile; fileRef = PR3F009234567890ABCDEF01 /* PlateauAlertSheet.swift */; };
		PR3B00A234567890ABCDEF01 /* MealScannerView.swift in Sources */ = {isa = PBXBuildFile; fileRef = PR3F00A234567890ABCDEF01 /* MealScannerView.swift */; };
		PR3B00B234567890ABCDEF01 /* DashboardViewModelTests.swift in Sources */ = {isa = PBXBuildFile; fileRef = PR3F00B234567890ABCDEF01 /* DashboardViewModelTests.swift */; };
		PR4B001234567890ABCDEF01 /* MealAnalyzerProtocol.swift in Sources */ = {isa = PBXBuildFile; fileRef = PR4F001234567890ABCDEF01 /* MealAnalyzerProtocol.swift */; };
		PR4B002234567890ABCDEF01 /* EditableFoodItem.swift in Sources */ = {isa = PBXBuildFile; fileRef = PR4F002234567890ABCDEF01 /* EditableFoodItem.swift */; };
		PR4B003234567890ABCDEF01 /* MealScannerViewModel.swift in Sources */ = {isa = PBXBuildFile; fileRef = PR4F003234567890ABCDEF01 /* MealScannerViewModel.swift */; };
		PR4B004234567890ABCDEF01 /* CameraImagePicker.swift in Sources */ = {isa = PBXBuildFile; fileRef = PR4F004234567890ABCDEF01 /* CameraImagePicker.swift */; };
		PR4B005234567890ABCDEF01 /* MacroSplitBar.swift in Sources */ = {isa = PBXBuildFile; fileRef = PR4F005234567890ABCDEF01 /* MacroSplitBar.swift */; };
		PR4B006234567890ABCDEF01 /* ConfidenceIndicator.swift in Sources */ = {isa = PBXBuildFile; fileRef = PR4F006234567890ABCDEF01 /* ConfidenceIndicator.swift */; };
		PR4B007234567890ABCDEF01 /* EstimationNotesAccordion.swift in Sources */ = {isa = PBXBuildFile; fileRef = PR4F007234567890ABCDEF01 /* EstimationNotesAccordion.swift */; };
		PR4B008234567890ABCDEF01 /* MealTypeSelector.swift in Sources */ = {isa = PBXBuildFile; fileRef = PR4F008234567890ABCDEF01 /* MealTypeSelector.swift */; };
		PR4B009234567890ABCDEF01 /* FoodItemRowView.swift in Sources */ = {isa = PBXBuildFile; fileRef = PR4F009234567890ABCDEF01 /* FoodItemRowView.swift */; };
		PR4B00A234567890ABCDEF01 /* FoodItemEditSheet.swift in Sources */ = {isa = PBXBuildFile; fileRef = PR4F00A234567890ABCDEF01 /* FoodItemEditSheet.swift */; };
		PR4B00B234567890ABCDEF01 /* ScannerErrorBanner.swift in Sources */ = {isa = PBXBuildFile; fileRef = PR4F00B234567890ABCDEF01 /* ScannerErrorBanner.swift */; };
		PR4B00C234567890ABCDEF01 /* MealAnalysisResultView.swift in Sources */ = {isa = PBXBuildFile; fileRef = PR4F00C234567890ABCDEF01 /* MealAnalysisResultView.swift */; };
		PR4B00D234567890ABCDEF01 /* ManualMealEntryView.swift in Sources */ = {isa = PBXBuildFile; fileRef = PR4F00D234567890ABCDEF01 /* ManualMealEntryView.swift */; };
		PR4B00E234567890ABCDEF01 /* MealScannerViewModelTests.swift in Sources */ = {isa = PBXBuildFile; fileRef = PR4F00E234567890ABCDEF01 /* MealScannerViewModelTests.swift */; };
		A1B2C3D414234567890ABCDE /* GoogleGenerativeAI in Frameworks */ = {isa = PBXBuildFile; productRef = P2B3C4D5E6F7890123456789A /* GoogleGenerativeAI */; };
		1B31CEC936B87ADC8D4A5AE0 /* KeychainManagerTests.swift in Sources */ = {isa = PBXBuildFile; fileRef = B7D1271130B39D7B9A67E609 /* KeychainManagerTests.swift */; };
		275D45C3B54B6BF8EB0CD975 /* AppContainer.swift in Sources */ = {isa = PBXBuildFile; fileRef = 01A8B7CA8B06CF58A2F7B07E /* AppContainer.swift */; };
		63A6757CEFC03CD981ACD8E4 /* RootView.swift in Sources */ = {isa = PBXBuildFile; fileRef = 842D3A9622BFDE6C189F8B07 /* RootView.swift */; };
		6FBA09496E1526AAEA65EBC2 /* CalSnapApp.swift in Sources */ = {isa = PBXBuildFile; fileRef = 77E2521ABC18A4107C2A866E /* CalSnapApp.swift */; };
		787D3991B98BFA89F80C941D /* WeighIn.swift in Sources */ = {isa = PBXBuildFile; fileRef = 1AA38E304E534F513EA56DE4 /* WeighIn.swift */; };
		884011074BE2C209A9971AED /* Assets.xcassets in Resources */ = {isa = PBXBuildFile; fileRef = DA06AE324EEDADDDC6EB6B50 /* Assets.xcassets */; };
		8E9F0C4DC5BFDCE0172C0967 /* Enums.swift in Sources */ = {isa = PBXBuildFile; fileRef = 298A8229C48FC85DACE2234B /* Enums.swift */; };
		9FAB9CA4C4D6BDA01C4B66B0 /* FoodItem.swift in Sources */ = {isa = PBXBuildFile; fileRef = BD8D2B293BBEB60096DA39E3 /* FoodItem.swift */; };
		A8049099DF60B3369E8D2C25 /* MealEntry.swift in Sources */ = {isa = PBXBuildFile; fileRef = 48914D12FBF26E0081590A8B /* MealEntry.swift */; };
		B18D8478722A4DC5C6D169D2 /* NutritionCalculator.swift in Sources */ = {isa = PBXBuildFile; fileRef = 8F453EDE12C11B104F814B4D /* NutritionCalculator.swift */; };
		BA9F6F8108F9A54F5D77D117 /* Constants.swift in Sources */ = {isa = PBXBuildFile; fileRef = FC2F68877952481FCEDCA5E5 /* Constants.swift */; };
		CC9C0FC95BB9ADE63B9E0FEB /* KeychainManager.swift in Sources */ = {isa = PBXBuildFile; fileRef = 18F8DBAE76C7C7B21976685A /* KeychainManager.swift */; };
		D101E5ADAC2C4C0EBA1B0D2E /* NutritionCalculatorTests.swift in Sources */ = {isa = PBXBuildFile; fileRef = 49FF607CB3770B2AAE871821 /* NutritionCalculatorTests.swift */; };
		EF5DDCE6E4C48EFE86A32C10 /* UserProfile.swift in Sources */ = {isa = PBXBuildFile; fileRef = 8852933F27AA17FD6FDC12B2 /* UserProfile.swift */; };
/* End PBXBuildFile section */

/* Begin PBXContainerItemProxy section */
		E7A22A33B96823236F57B900 /* PBXContainerItemProxy */ = {
			isa = PBXContainerItemProxy;
			containerPortal = 4289E70DD2BC788EB4814590 /* Project object */;
			proxyType = 1;
			remoteGlobalIDString = D15E0FFD9C41F6FE4D38B6C6;
			remoteInfo = CalSnap;
		};
/* End PBXContainerItemProxy section */

/* Begin PBXFileReference section */
		F1E2D3C401234567890ABCDE /* APIKeyResolver.swift */ = {isa = PBXFileReference; lastKnownFileType = sourcecode.swift; path = APIKeyResolver.swift; sourceTree = "<group>"; };
		F1E2D3C402234567890ABCDE /* GeminiService.swift */ = {isa = PBXFileReference; lastKnownFileType = sourcecode.swift; path = GeminiService.swift; sourceTree = "<group>"; };
		F1E2D3C403234567890ABCDE /* HealthKitService.swift */ = {isa = PBXFileReference; lastKnownFileType = sourcecode.swift; path = HealthKitService.swift; sourceTree = "<group>"; };
		F1E2D3C404234567890ABCDE /* UserProfileRepository.swift */ = {isa = PBXFileReference; lastKnownFileType = sourcecode.swift; path = UserProfileRepository.swift; sourceTree = "<group>"; };
		F1E2D3C405234567890ABCDE /* UnitFormatters.swift */ = {isa = PBXFileReference; lastKnownFileType = sourcecode.swift; path = UnitFormatters.swift; sourceTree = "<group>"; };
		F1E2D3C406234567890ABCDE /* UserProfile+Display.swift */ = {isa = PBXFileReference; lastKnownFileType = sourcecode.swift; path = "UserProfile+Display.swift"; sourceTree = "<group>"; };
		F1E2D3C407234567890ABCDE /* OnboardingStep.swift */ = {isa = PBXFileReference; lastKnownFileType = sourcecode.swift; path = OnboardingStep.swift; sourceTree = "<group>"; };
		F1E2D3C408234567890ABCDE /* ProfileDraft.swift */ = {isa = PBXFileReference; lastKnownFileType = sourcecode.swift; path = ProfileDraft.swift; sourceTree = "<group>"; };
		F1E2D3C409234567890ABCDE /* OnboardingViewModel.swift */ = {isa = PBXFileReference; lastKnownFileType = sourcecode.swift; path = OnboardingViewModel.swift; sourceTree = "<group>"; };
		F1E2D3C40A234567890ABCDE /* OnboardingView.swift */ = {isa = PBXFileReference; lastKnownFileType = sourcecode.swift; path = OnboardingView.swift; sourceTree = "<group>"; };
		F1E2D3C40B234567890ABCDE /* WelcomeStepView.swift */ = {isa = PBXFileReference; lastKnownFileType = sourcecode.swift; path = WelcomeStepView.swift; sourceTree = "<group>"; };
		F1E2D3C40C234567890ABCDE /* ProfileSetupStepView.swift */ = {isa = PBXFileReference; lastKnownFileType = sourcecode.swift; path = ProfileSetupStepView.swift; sourceTree = "<group>"; };
		F1E2D3C40D234567890ABCDE /* GoalSetupStepView.swift */ = {isa = PBXFileReference; lastKnownFileType = sourcecode.swift; path = GoalSetupStepView.swift; sourceTree = "<group>"; };
		F1E2D3C40E234567890ABCDE /* CalorieTargetPreviewStepView.swift */ = {isa = PBXFileReference; lastKnownFileType = sourcecode.swift; path = CalorieTargetPreviewStepView.swift; sourceTree = "<group>"; };
		F1E2D3C40F234567890ABCDE /* HealthKitPermissionStepView.swift */ = {isa = PBXFileReference; lastKnownFileType = sourcecode.swift; path = HealthKitPermissionStepView.swift; sourceTree = "<group>"; };
		F1E2D3C410234567890ABCDE /* APIKeySetupStepView.swift */ = {isa = PBXFileReference; lastKnownFileType = sourcecode.swift; path = APIKeySetupStepView.swift; sourceTree = "<group>"; };
		F1E2D3C411234567890ABCDE /* OnboardingDoneStepView.swift */ = {isa = PBXFileReference; lastKnownFileType = sourcecode.swift; path = OnboardingDoneStepView.swift; sourceTree = "<group>"; };
		F1E2D3C412234567890ABCDE /* DashboardView.swift */ = {isa = PBXFileReference; lastKnownFileType = sourcecode.swift; path = DashboardView.swift; sourceTree = "<group>"; };
		F1E2D3C413234567890ABCDE /* OnboardingViewModelTests.swift */ = {isa = PBXFileReference; lastKnownFileType = sourcecode.swift; path = OnboardingViewModelTests.swift; sourceTree = "<group>"; };
		PR3F001234567890ABCDEF01 /* MealRepository.swift */ = {isa = PBXFileReference; lastKnownFileType = sourcecode.swift; path = MealRepository.swift; sourceTree = "<group>"; };
		PR3F002234567890ABCDEF01 /* WeighInRepository.swift */ = {isa = PBXFileReference; lastKnownFileType = sourcecode.swift; path = WeighInRepository.swift; sourceTree = "<group>"; };
		PR3F003234567890ABCDEF01 /* DashboardViewModel.swift */ = {isa = PBXFileReference; lastKnownFileType = sourcecode.swift; path = DashboardViewModel.swift; sourceTree = "<group>"; };
		PR3F004234567890ABCDEF01 /* ProfileSwitcherView.swift */ = {isa = PBXFileReference; lastKnownFileType = sourcecode.swift; path = ProfileSwitcherView.swift; sourceTree = "<group>"; };
		PR3F005234567890ABCDEF01 /* CalorieRingCard.swift */ = {isa = PBXFileReference; lastKnownFileType = sourcecode.swift; path = CalorieRingCard.swift; sourceTree = "<group>"; };
		PR3F006234567890ABCDEF01 /* MacroBarCard.swift */ = {isa = PBXFileReference; lastKnownFileType = sourcecode.swift; path = MacroBarCard.swift; sourceTree = "<group>"; };
		PR3F007234567890ABCDEF01 /* TodaysMealsSection.swift */ = {isa = PBXFileReference; lastKnownFileType = sourcecode.swift; path = TodaysMealsSection.swift; sourceTree = "<group>"; };
		PR3F008234567890ABCDEF01 /* WeightTrendMiniChart.swift */ = {isa = PBXFileReference; lastKnownFileType = sourcecode.swift; path = WeightTrendMiniChart.swift; sourceTree = "<group>"; };
		PR3F009234567890ABCDEF01 /* PlateauAlertSheet.swift */ = {isa = PBXFileReference; lastKnownFileType = sourcecode.swift; path = PlateauAlertSheet.swift; sourceTree = "<group>"; };
		PR3F00A234567890ABCDEF01 /* MealScannerView.swift */ = {isa = PBXFileReference; lastKnownFileType = sourcecode.swift; path = MealScannerView.swift; sourceTree = "<group>"; };
		PR3F00B234567890ABCDEF01 /* DashboardViewModelTests.swift */ = {isa = PBXFileReference; lastKnownFileType = sourcecode.swift; path = DashboardViewModelTests.swift; sourceTree = "<group>"; };
		PR4F001234567890ABCDEF01 /* MealAnalyzerProtocol.swift */ = {isa = PBXFileReference; lastKnownFileType = sourcecode.swift; path = MealAnalyzerProtocol.swift; sourceTree = "<group>"; };
		PR4F002234567890ABCDEF01 /* EditableFoodItem.swift */ = {isa = PBXFileReference; lastKnownFileType = sourcecode.swift; path = EditableFoodItem.swift; sourceTree = "<group>"; };
		PR4F003234567890ABCDEF01 /* MealScannerViewModel.swift */ = {isa = PBXFileReference; lastKnownFileType = sourcecode.swift; path = MealScannerViewModel.swift; sourceTree = "<group>"; };
		PR4F004234567890ABCDEF01 /* CameraImagePicker.swift */ = {isa = PBXFileReference; lastKnownFileType = sourcecode.swift; path = CameraImagePicker.swift; sourceTree = "<group>"; };
		PR4F005234567890ABCDEF01 /* MacroSplitBar.swift */ = {isa = PBXFileReference; lastKnownFileType = sourcecode.swift; path = MacroSplitBar.swift; sourceTree = "<group>"; };
		PR4F006234567890ABCDEF01 /* ConfidenceIndicator.swift */ = {isa = PBXFileReference; lastKnownFileType = sourcecode.swift; path = ConfidenceIndicator.swift; sourceTree = "<group>"; };
		PR4F007234567890ABCDEF01 /* EstimationNotesAccordion.swift */ = {isa = PBXFileReference; lastKnownFileType = sourcecode.swift; path = EstimationNotesAccordion.swift; sourceTree = "<group>"; };
		PR4F008234567890ABCDEF01 /* MealTypeSelector.swift */ = {isa = PBXFileReference; lastKnownFileType = sourcecode.swift; path = MealTypeSelector.swift; sourceTree = "<group>"; };
		PR4F009234567890ABCDEF01 /* FoodItemRowView.swift */ = {isa = PBXFileReference; lastKnownFileType = sourcecode.swift; path = FoodItemRowView.swift; sourceTree = "<group>"; };
		PR4F00A234567890ABCDEF01 /* FoodItemEditSheet.swift */ = {isa = PBXFileReference; lastKnownFileType = sourcecode.swift; path = FoodItemEditSheet.swift; sourceTree = "<group>"; };
		PR4F00B234567890ABCDEF01 /* ScannerErrorBanner.swift */ = {isa = PBXFileReference; lastKnownFileType = sourcecode.swift; path = ScannerErrorBanner.swift; sourceTree = "<group>"; };
		PR4F00C234567890ABCDEF01 /* MealAnalysisResultView.swift */ = {isa = PBXFileReference; lastKnownFileType = sourcecode.swift; path = MealAnalysisResultView.swift; sourceTree = "<group>"; };
		PR4F00D234567890ABCDEF01 /* ManualMealEntryView.swift */ = {isa = PBXFileReference; lastKnownFileType = sourcecode.swift; path = ManualMealEntryView.swift; sourceTree = "<group>"; };
		PR4F00E234567890ABCDEF01 /* MealScannerViewModelTests.swift */ = {isa = PBXFileReference; lastKnownFileType = sourcecode.swift; path = MealScannerViewModelTests.swift; sourceTree = "<group>"; };
		F1E2D3C415234567890ABCDE /* CalSnap.entitlements */ = {isa = PBXFileReference; lastKnownFileType = text.plist.entitlements; path = CalSnap.entitlements; sourceTree = "<group>"; };
		01A8B7CA8B06CF58A2F7B07E /* AppContainer.swift */ = {isa = PBXFileReference; lastKnownFileType = sourcecode.swift; path = AppContainer.swift; sourceTree = "<group>"; };
		18F8DBAE76C7C7B21976685A /* KeychainManager.swift */ = {isa = PBXFileReference; lastKnownFileType = sourcecode.swift; path = KeychainManager.swift; sourceTree = "<group>"; };
		1AA38E304E534F513EA56DE4 /* WeighIn.swift */ = {isa = PBXFileReference; lastKnownFileType = sourcecode.swift; path = WeighIn.swift; sourceTree = "<group>"; };
		1FA56D67A1FDA0564BB1D59A /* CalSnapTests.xctest */ = {isa = PBXFileReference; includeInIndex = 0; lastKnownFileType = wrapper.cfbundle; path = CalSnapTests.xctest; sourceTree = BUILT_PRODUCTS_DIR; };
		298A8229C48FC85DACE2234B /* Enums.swift */ = {isa = PBXFileReference; lastKnownFileType = sourcecode.swift; path = Enums.swift; sourceTree = "<group>"; };
		48914D12FBF26E0081590A8B /* MealEntry.swift */ = {isa = PBXFileReference; lastKnownFileType = sourcecode.swift; path = MealEntry.swift; sourceTree = "<group>"; };
		49FF607CB3770B2AAE871821 /* NutritionCalculatorTests.swift */ = {isa = PBXFileReference; lastKnownFileType = sourcecode.swift; path = NutritionCalculatorTests.swift; sourceTree = "<group>"; };
		4A203208125EE8A800C80A29 /* Info.plist */ = {isa = PBXFileReference; lastKnownFileType = text.plist; path = Info.plist; sourceTree = "<group>"; };
		5183FB2DE5578C8547093C3A /* CalSnap.app */ = {isa = PBXFileReference; includeInIndex = 0; lastKnownFileType = wrapper.application; path = CalSnap.app; sourceTree = BUILT_PRODUCTS_DIR; };
		77E2521ABC18A4107C2A866E /* CalSnapApp.swift */ = {isa = PBXFileReference; lastKnownFileType = sourcecode.swift; path = CalSnapApp.swift; sourceTree = "<group>"; };
		842D3A9622BFDE6C189F8B07 /* RootView.swift */ = {isa = PBXFileReference; lastKnownFileType = sourcecode.swift; path = RootView.swift; sourceTree = "<group>"; };
		8852933F27AA17FD6FDC12B2 /* UserProfile.swift */ = {isa = PBXFileReference; lastKnownFileType = sourcecode.swift; path = UserProfile.swift; sourceTree = "<group>"; };
		8F453EDE12C11B104F814B4D /* NutritionCalculator.swift */ = {isa = PBXFileReference; lastKnownFileType = sourcecode.swift; path = NutritionCalculator.swift; sourceTree = "<group>"; };
		B7D1271130B39D7B9A67E609 /* KeychainManagerTests.swift */ = {isa = PBXFileReference; lastKnownFileType = sourcecode.swift; path = KeychainManagerTests.swift; sourceTree = "<group>"; };
		BD8D2B293BBEB60096DA39E3 /* FoodItem.swift */ = {isa = PBXFileReference; lastKnownFileType = sourcecode.swift; path = FoodItem.swift; sourceTree = "<group>"; };
		DA06AE324EEDADDDC6EB6B50 /* Assets.xcassets */ = {isa = PBXFileReference; lastKnownFileType = folder.assetcatalog; path = Assets.xcassets; sourceTree = "<group>"; };
		FC2F68877952481FCEDCA5E5 /* Constants.swift */ = {isa = PBXFileReference; lastKnownFileType = sourcecode.swift; path = Constants.swift; sourceTree = "<group>"; };
/* End PBXFileReference section */

/* Begin PBXGroup section */
		07BA7B93AA82E7551DE228CC /* App */ = {
			isa = PBXGroup;
			children = (
				01A8B7CA8B06CF58A2F7B07E /* AppContainer.swift */,
				77E2521ABC18A4107C2A866E /* CalSnapApp.swift */,
				842D3A9622BFDE6C189F8B07 /* RootView.swift */,
			);
			path = App;
			sourceTree = "<group>";
		};
		0BE52B9228D1B2C5EA0A5717 = {
			isa = PBXGroup;
			children = (
				C1B96D112C4CFE03A237556D /* CalSnap */,
				AD0EF9C36089BF1A5881E264 /* CalSnapTests */,
				A96C6FC20CB374EED0F51243 /* Products */,
			);
			sourceTree = "<group>";
		};
		1B3E10E65087B79829954A5C /* Core */ = {
			isa = PBXGroup;
			children = (
				877A2FC088F554B971C7F877 /* Models */,
				C0RE0001234567890ABCDE01 /* Repositories */,
				F9ED5680E366C7F07F6207F5 /* Services */,
				E226EB33E96E8088B825FDD5 /* Utilities */,
			);
			path = Core;
			sourceTree = "<group>";
		};
		C0RE0001234567890ABCDE01 /* Repositories */ = {
			isa = PBXGroup;
			children = (
				PR3F001234567890ABCDEF01 /* MealRepository.swift */,
				PR3F002234567890ABCDEF01 /* WeighInRepository.swift */,
				F1E2D3C404234567890ABCDE /* UserProfileRepository.swift */,
			);
			path = Repositories;
			sourceTree = "<group>";
		};
		FEAT0001234567890ABCDE01 /* Features */ = {
			isa = PBXGroup;
			children = (
				FEAT0002234567890ABCDE02 /* Dashboard */,
				PR3G001234567890ABCDEF01 /* MealScanner */,
				FEAT0003234567890ABCDE03 /* Onboarding */,
			);
			path = Features;
			sourceTree = "<group>";
		};
		FEAT0002234567890ABCDE02 /* Dashboard */ = {
			isa = PBXGroup;
			children = (
				F1E2D3C412234567890ABCDE /* DashboardView.swift */,
				PR3F003234567890ABCDEF01 /* DashboardViewModel.swift */,
				PR3F004234567890ABCDEF01 /* ProfileSwitcherView.swift */,
				PR3F005234567890ABCDEF01 /* CalorieRingCard.swift */,
				PR3F006234567890ABCDEF01 /* MacroBarCard.swift */,
				PR3F007234567890ABCDEF01 /* TodaysMealsSection.swift */,
				PR3F008234567890ABCDEF01 /* WeightTrendMiniChart.swift */,
				PR3F009234567890ABCDEF01 /* PlateauAlertSheet.swift */,
			);
			path = Dashboard;
			sourceTree = "<group>";
		};
		PR3G001234567890ABCDEF01 /* MealScanner */ = {
			isa = PBXGroup;
			children = (
				PR4F002234567890ABCDEF01 /* EditableFoodItem.swift */,
				PR4F003234567890ABCDEF01 /* MealScannerViewModel.swift */,
				PR4F004234567890ABCDEF01 /* CameraImagePicker.swift */,
				PR4F005234567890ABCDEF01 /* MacroSplitBar.swift */,
				PR4F006234567890ABCDEF01 /* ConfidenceIndicator.swift */,
				PR4F007234567890ABCDEF01 /* EstimationNotesAccordion.swift */,
				PR4F008234567890ABCDEF01 /* MealTypeSelector.swift */,
				PR4F009234567890ABCDEF01 /* FoodItemRowView.swift */,
				PR4F00A234567890ABCDEF01 /* FoodItemEditSheet.swift */,
				PR4F00B234567890ABCDEF01 /* ScannerErrorBanner.swift */,
				PR4F00C234567890ABCDEF01 /* MealAnalysisResultView.swift */,
				PR4F00D234567890ABCDEF01 /* ManualMealEntryView.swift */,
				PR3F00A234567890ABCDEF01 /* MealScannerView.swift */,
			);
			path = MealScanner;
			sourceTree = "<group>";
		};
		FEAT0003234567890ABCDE03 /* Onboarding */ = {
			isa = PBXGroup;
			children = (
				F1E2D3C407234567890ABCDE /* OnboardingStep.swift */,
				F1E2D3C408234567890ABCDE /* ProfileDraft.swift */,
				F1E2D3C409234567890ABCDE /* OnboardingViewModel.swift */,
				F1E2D3C40A234567890ABCDE /* OnboardingView.swift */,
				F1E2D3C40B234567890ABCDE /* WelcomeStepView.swift */,
				F1E2D3C40C234567890ABCDE /* ProfileSetupStepView.swift */,
				F1E2D3C40D234567890ABCDE /* GoalSetupStepView.swift */,
				F1E2D3C40E234567890ABCDE /* CalorieTargetPreviewStepView.swift */,
				F1E2D3C40F234567890ABCDE /* HealthKitPermissionStepView.swift */,
				F1E2D3C410234567890ABCDE /* APIKeySetupStepView.swift */,
				F1E2D3C411234567890ABCDE /* OnboardingDoneStepView.swift */,
			);
			path = Onboarding;
			sourceTree = "<group>";
		};
		877A2FC088F554B971C7F877 /* Models */ = {
			isa = PBXGroup;
			children = (
				298A8229C48FC85DACE2234B /* Enums.swift */,
				BD8D2B293BBEB60096DA39E3 /* FoodItem.swift */,
				48914D12FBF26E0081590A8B /* MealEntry.swift */,
				8852933F27AA17FD6FDC12B2 /* UserProfile.swift */,
				F1E2D3C406234567890ABCDE /* UserProfile+Display.swift */,
				1AA38E304E534F513EA56DE4 /* WeighIn.swift */,
			);
			path = Models;
			sourceTree = "<group>";
		};
		8E94AB61ECE40E4BAC89DE5F /* Resources */ = {
			isa = PBXGroup;
			children = (
				DA06AE324EEDADDDC6EB6B50 /* Assets.xcassets */,
				F1E2D3C415234567890ABCDE /* CalSnap.entitlements */,
				4A203208125EE8A800C80A29 /* Info.plist */,
			);
			path = Resources;
			sourceTree = "<group>";
		};
		A96C6FC20CB374EED0F51243 /* Products */ = {
			isa = PBXGroup;
			children = (
				5183FB2DE5578C8547093C3A /* CalSnap.app */,
				1FA56D67A1FDA0564BB1D59A /* CalSnapTests.xctest */,
			);
			name = Products;
			sourceTree = "<group>";
		};
		AD0EF9C36089BF1A5881E264 /* CalSnapTests */ = {
			isa = PBXGroup;
			children = (
				PR3F00B234567890ABCDEF01 /* DashboardViewModelTests.swift */,
				B7D1271130B39D7B9A67E609 /* KeychainManagerTests.swift */,
				PR4F00E234567890ABCDEF01 /* MealScannerViewModelTests.swift */,
				49FF607CB3770B2AAE871821 /* NutritionCalculatorTests.swift */,
				F1E2D3C413234567890ABCDE /* OnboardingViewModelTests.swift */,
			);
			path = CalSnapTests;
			sourceTree = "<group>";
		};
		C1B96D112C4CFE03A237556D /* CalSnap */ = {
			isa = PBXGroup;
			children = (
				07BA7B93AA82E7551DE228CC /* App */,
				1B3E10E65087B79829954A5C /* Core */,
				FEAT0001234567890ABCDE01 /* Features */,
				8E94AB61ECE40E4BAC89DE5F /* Resources */,
			);
			path = CalSnap;
			sourceTree = "<group>";
		};
		E226EB33E96E8088B825FDD5 /* Utilities */ = {
			isa = PBXGroup;
			children = (
				F1E2D3C401234567890ABCDE /* APIKeyResolver.swift */,
				FC2F68877952481FCEDCA5E5 /* Constants.swift */,
				18F8DBAE76C7C7B21976685A /* KeychainManager.swift */,
				UTIL0001234567890ABCDE01 /* Extensions */,
			);
			path = Utilities;
			sourceTree = "<group>";
		};
		UTIL0001234567890ABCDE01 /* Extensions */ = {
			isa = PBXGroup;
			children = (
				F1E2D3C405234567890ABCDE /* UnitFormatters.swift */,
			);
			path = Extensions;
			sourceTree = "<group>";
		};
		F9ED5680E366C7F07F6207F5 /* Services */ = {
			isa = PBXGroup;
			children = (
				F1E2D3C402234567890ABCDE /* GeminiService.swift */,
				F1E2D3C403234567890ABCDE /* HealthKitService.swift */,
				PR4F001234567890ABCDEF01 /* MealAnalyzerProtocol.swift */,
				8F453EDE12C11B104F814B4D /* NutritionCalculator.swift */,
			);
			path = Services;
			sourceTree = "<group>";
		};
/* End PBXGroup section */

/* Begin PBXFrameworksBuildPhase section */
		FWBP0001234567890ABCDE01 /* Frameworks */ = {
			isa = PBXFrameworksBuildPhase;
			buildActionMask = 2147483647;
			files = (
				A1B2C3D414234567890ABCDE /* GoogleGenerativeAI in Frameworks */,
			);
			runOnlyForDeploymentPostprocessing = 0;
		};
/* End PBXFrameworksBuildPhase section */

/* Begin PBXNativeTarget section */
		28643885527AC94065B8C87D /* CalSnapTests */ = {
			isa = PBXNativeTarget;
			buildConfigurationList = FD5229EB800ECE4CF2F4D16D /* Build configuration list for PBXNativeTarget "CalSnapTests" */;
			buildPhases = (
				3833063940A3F80264C508CF /* Sources */,
			);
			buildRules = (
			);
			dependencies = (
				AA3DC48D9F9690CB96D820DC /* PBXTargetDependency */,
			);
			name = CalSnapTests;
			packageProductDependencies = (
			);
			productName = CalSnapTests;
			productReference = 1FA56D67A1FDA0564BB1D59A /* CalSnapTests.xctest */;
			productType = "com.apple.product-type.bundle.unit-test";
		};
		D15E0FFD9C41F6FE4D38B6C6 /* CalSnap */ = {
			isa = PBXNativeTarget;
			buildConfigurationList = 4084A2BA89ACDE258A0D58B0 /* Build configuration list for PBXNativeTarget "CalSnap" */;
			buildPhases = (
				0FC30B2E404D99B4FE70638C /* Sources */,
				FWBP0001234567890ABCDE01 /* Frameworks */,
				0A5C25C567932E97AD694347 /* Resources */,
			);
			buildRules = (
			);
			dependencies = (
			);
			name = CalSnap;
			packageProductDependencies = (
				P2B3C4D5E6F7890123456789A /* GoogleGenerativeAI */,
			);
			productName = CalSnap;
			productReference = 5183FB2DE5578C8547093C3A /* CalSnap.app */;
			productType = "com.apple.product-type.application";
		};
/* End PBXNativeTarget section */

/* Begin PBXProject section */
		4289E70DD2BC788EB4814590 /* Project object */ = {
			isa = PBXProject;
			attributes = {
				BuildIndependentTargetsInParallel = YES;
				LastUpgradeCheck = 1430;
				TargetAttributes = {
					D15E0FFD9C41F6FE4D38B6C6 = {
						DevelopmentTeam = "";
					};
				};
			};
			buildConfigurationList = 4379A12B0107935351A60F9F /* Build configuration list for PBXProject "CalSnap" */;
			compatibilityVersion = "Xcode 14.0";
			developmentRegion = en;
			hasScannedForEncodings = 0;
			knownRegions = (
				Base,
				en,
			);
			mainGroup = 0BE52B9228D1B2C5EA0A5717;
			minimizedProjectReferenceProxies = 1;
			packageReferences = (
				P1A2C3D4E5F6789012345678A /* XCRemoteSwiftPackageReference "generative-ai-swift" */,
			);
			preferredProjectObjectVersion = 77;
			projectDirPath = "";
			projectRoot = "";
			targets = (
				D15E0FFD9C41F6FE4D38B6C6 /* CalSnap */,
				28643885527AC94065B8C87D /* CalSnapTests */,
			);
		};
/* End PBXProject section */

/* Begin PBXResourcesBuildPhase section */
		0A5C25C567932E97AD694347 /* Resources */ = {
			isa = PBXResourcesBuildPhase;
			buildActionMask = 2147483647;
			files = (
				884011074BE2C209A9971AED /* Assets.xcassets in Resources */,
			);
			runOnlyForDeploymentPostprocessing = 0;
		};
/* End PBXResourcesBuildPhase section */

/* Begin PBXSourcesBuildPhase section */
		0FC30B2E404D99B4FE70638C /* Sources */ = {
			isa = PBXSourcesBuildPhase;
			buildActionMask = 2147483647;
			files = (
				A1B2C3D401234567890ABCDE /* APIKeyResolver.swift in Sources */,
				275D45C3B54B6BF8EB0CD975 /* AppContainer.swift in Sources */,
				A1B2C3D410234567890ABCDE /* APIKeySetupStepView.swift in Sources */,
				6FBA09496E1526AAEA65EBC2 /* CalSnapApp.swift in Sources */,
				A1B2C3D40E234567890ABCDE /* CalorieTargetPreviewStepView.swift in Sources */,
				BA9F6F8108F9A54F5D77D117 /* Constants.swift in Sources */,
				A1B2C3D412234567890ABCDE /* DashboardView.swift in Sources */,
				PR3B003234567890ABCDEF01 /* DashboardViewModel.swift in Sources */,
				PR3B004234567890ABCDEF01 /* ProfileSwitcherView.swift in Sources */,
				PR3B005234567890ABCDEF01 /* CalorieRingCard.swift in Sources */,
				PR3B006234567890ABCDEF01 /* MacroBarCard.swift in Sources */,
				PR3B007234567890ABCDEF01 /* TodaysMealsSection.swift in Sources */,
				PR3B008234567890ABCDEF01 /* WeightTrendMiniChart.swift in Sources */,
				PR3B009234567890ABCDEF01 /* PlateauAlertSheet.swift in Sources */,
				PR3B00A234567890ABCDEF01 /* MealScannerView.swift in Sources */,
				PR4B001234567890ABCDEF01 /* MealAnalyzerProtocol.swift in Sources */,
				PR4B002234567890ABCDEF01 /* EditableFoodItem.swift in Sources */,
				PR4B003234567890ABCDEF01 /* MealScannerViewModel.swift in Sources */,
				PR4B004234567890ABCDEF01 /* CameraImagePicker.swift in Sources */,
				PR4B005234567890ABCDEF01 /* MacroSplitBar.swift in Sources */,
				PR4B006234567890ABCDEF01 /* ConfidenceIndicator.swift in Sources */,
				PR4B007234567890ABCDEF01 /* EstimationNotesAccordion.swift in Sources */,
				PR4B008234567890ABCDEF01 /* MealTypeSelector.swift in Sources */,
				PR4B009234567890ABCDEF01 /* FoodItemRowView.swift in Sources */,
				PR4B00A234567890ABCDEF01 /* FoodItemEditSheet.swift in Sources */,
				PR4B00B234567890ABCDEF01 /* ScannerErrorBanner.swift in Sources */,
				PR4B00C234567890ABCDEF01 /* MealAnalysisResultView.swift in Sources */,
				PR4B00D234567890ABCDEF01 /* ManualMealEntryView.swift in Sources */,
				8E9F0C4DC5BFDCE0172C0967 /* Enums.swift in Sources */,
				9FAB9CA4C4D6BDA01C4B66B0 /* FoodItem.swift in Sources */,
				A1B2C3D402234567890ABCDE /* GeminiService.swift in Sources */,
				A1B2C3D40D234567890ABCDE /* GoalSetupStepView.swift in Sources */,
				A1B2C3D403234567890ABCDE /* HealthKitService.swift in Sources */,
				A1B2C3D40F234567890ABCDE /* HealthKitPermissionStepView.swift in Sources */,
				CC9C0FC95BB9ADE63B9E0FEB /* KeychainManager.swift in Sources */,
				A8049099DF60B3369E8D2C25 /* MealEntry.swift in Sources */,
				PR3B001234567890ABCDEF01 /* MealRepository.swift in Sources */,
				B18D8478722A4DC5C6D169D2 /* NutritionCalculator.swift in Sources */,
				A1B2C3D411234567890ABCDE /* OnboardingDoneStepView.swift in Sources */,
				A1B2C3D407234567890ABCDE /* OnboardingStep.swift in Sources */,
				A1B2C3D40A234567890ABCDE /* OnboardingView.swift in Sources */,
				A1B2C3D409234567890ABCDE /* OnboardingViewModel.swift in Sources */,
				A1B2C3D408234567890ABCDE /* ProfileDraft.swift in Sources */,
				A1B2C3D40C234567890ABCDE /* ProfileSetupStepView.swift in Sources */,
				63A6757CEFC03CD981ACD8E4 /* RootView.swift in Sources */,
				A1B2C3D405234567890ABCDE /* UnitFormatters.swift in Sources */,
				A1B2C3D406234567890ABCDE /* UserProfile+Display.swift in Sources */,
				EF5DDCE6E4C48EFE86A32C10 /* UserProfile.swift in Sources */,
				A1B2C3D404234567890ABCDE /* UserProfileRepository.swift in Sources */,
				A1B2C3D40B234567890ABCDE /* WelcomeStepView.swift in Sources */,
				787D3991B98BFA89F80C941D /* WeighIn.swift in Sources */,
				PR3B002234567890ABCDEF01 /* WeighInRepository.swift in Sources */,
			);
			runOnlyForDeploymentPostprocessing = 0;
		};
		3833063940A3F80264C508CF /* Sources */ = {
			isa = PBXSourcesBuildPhase;
			buildActionMask = 2147483647;
			files = (
				PR3B00B234567890ABCDEF01 /* DashboardViewModelTests.swift in Sources */,
				PR4B00E234567890ABCDEF01 /* MealScannerViewModelTests.swift in Sources */,
				1B31CEC936B87ADC8D4A5AE0 /* KeychainManagerTests.swift in Sources */,
				D101E5ADAC2C4C0EBA1B0D2E /* NutritionCalculatorTests.swift in Sources */,
				A1B2C3D413234567890ABCDE /* OnboardingViewModelTests.swift in Sources */,
			);
			runOnlyForDeploymentPostprocessing = 0;
		};
/* End PBXSourcesBuildPhase section */

/* Begin PBXTargetDependency section */
		AA3DC48D9F9690CB96D820DC /* PBXTargetDependency */ = {
			isa = PBXTargetDependency;
			target = D15E0FFD9C41F6FE4D38B6C6 /* CalSnap */;
			targetProxy = E7A22A33B96823236F57B900 /* PBXContainerItemProxy */;
		};
/* End PBXTargetDependency section */

/* Begin XCBuildConfiguration section */
		0DE2E9BF210AC87200ADEA73 /* Debug */ = {
			isa = XCBuildConfiguration;
			buildSettings = {
				ASSETCATALOG_COMPILER_APPICON_NAME = AppIcon;
				CODE_SIGN_ENTITLEMENTS = CalSnap/Resources/CalSnap.entitlements;
				CODE_SIGN_IDENTITY = "iPhone Developer";
				CURRENT_PROJECT_VERSION = 1;
				DEVELOPMENT_TEAM = "";
				GENERATE_INFOPLIST_FILE = NO;
				INFOPLIST_FILE = CalSnap/Resources/Info.plist;
				LD_RUNPATH_SEARCH_PATHS = (
					"$(inherited)",
					"@executable_path/Frameworks",
				);
				MARKETING_VERSION = 1.0;
				PRODUCT_BUNDLE_IDENTIFIER = com.calsnap.app;
				PRODUCT_NAME = CalSnap;
				SDKROOT = iphoneos;
				SWIFT_EMIT_LOC_STRINGS = YES;
				TARGETED_DEVICE_FAMILY = 1;
			};
			name = Debug;
		};
		90AF739913AD9B29138B7795 /* Release */ = {
			isa = XCBuildConfiguration;
			buildSettings = {
				BUNDLE_LOADER = "$(TEST_HOST)";
				GENERATE_INFOPLIST_FILE = YES;
				LD_RUNPATH_SEARCH_PATHS = (
					"$(inherited)",
					"@executable_path/Frameworks",
					"@loader_path/Frameworks",
				);
				PRODUCT_BUNDLE_IDENTIFIER = com.calsnap.app.tests;
				SDKROOT = iphoneos;
				TARGETED_DEVICE_FAMILY = 1;
				TEST_HOST = "$(BUILT_PRODUCTS_DIR)/CalSnap.app/CalSnap";
			};
			name = Release;
		};
		B8962925A24BD2263E06EECF /* Debug */ = {
			isa = XCBuildConfiguration;
			buildSettings = {
				ALWAYS_SEARCH_USER_PATHS = NO;
				CLANG_ANALYZER_NONNULL = YES;
				CLANG_ANALYZER_NUMBER_OBJECT_CONVERSION = YES_AGGRESSIVE;
				CLANG_CXX_LANGUAGE_STANDARD = "gnu++14";
				CLANG_CXX_LIBRARY = "libc++";
				CLANG_ENABLE_MODULES = YES;
				CLANG_ENABLE_OBJC_ARC = YES;
				CLANG_ENABLE_OBJC_WEAK = YES;
				CLANG_WARN_BLOCK_CAPTURE_AUTORELEASING = YES;
				CLANG_WARN_BOOL_CONVERSION = YES;
				CLANG_WARN_COMMA = YES;
				CLANG_WARN_CONSTANT_CONVERSION = YES;
				CLANG_WARN_DEPRECATED_OBJC_IMPLEMENTATIONS = YES;
				CLANG_WARN_DIRECT_OBJC_ISA_USAGE = YES_ERROR;
				CLANG_WARN_DOCUMENTATION_COMMENTS = YES;
				CLANG_WARN_EMPTY_BODY = YES;
				CLANG_WARN_ENUM_CONVERSION = YES;
				CLANG_WARN_INFINITE_RECURSION = YES;
				CLANG_WARN_INT_CONVERSION = YES;
				CLANG_WARN_NON_LITERAL_NULL_CONVERSION = YES;
				CLANG_WARN_OBJC_IMPLICIT_RETAIN_SELF = YES;
				CLANG_WARN_OBJC_LITERAL_CONVERSION = YES;
				CLANG_WARN_OBJC_ROOT_CLASS = YES_ERROR;
				CLANG_WARN_QUOTED_INCLUDE_IN_FRAMEWORK_HEADER = YES;
				CLANG_WARN_RANGE_LOOP_ANALYSIS = YES;
				CLANG_WARN_STRICT_PROTOTYPES = YES;
				CLANG_WARN_SUSPICIOUS_MOVE = YES;
				CLANG_WARN_UNGUARDED_AVAILABILITY = YES_AGGRESSIVE;
				CLANG_WARN_UNREACHABLE_CODE = YES;
				CLANG_WARN__DUPLICATE_METHOD_MATCH = YES;
				COPY_PHASE_STRIP = NO;
				DEBUG_INFORMATION_FORMAT = dwarf;
				ENABLE_STRICT_OBJC_MSGSEND = YES;
				ENABLE_TESTABILITY = YES;
				GCC_C_LANGUAGE_STANDARD = gnu11;
				GCC_DYNAMIC_NO_PIC = NO;
				GCC_NO_COMMON_BLOCKS = YES;
				GCC_OPTIMIZATION_LEVEL = 0;
				GCC_PREPROCESSOR_DEFINITIONS = (
					"$(inherited)",
					"DEBUG=1",
				);
				GCC_WARN_64_TO_32_BIT_CONVERSION = YES;
				GCC_WARN_ABOUT_RETURN_TYPE = YES_ERROR;
				GCC_WARN_UNDECLARED_SELECTOR = YES;
				GCC_WARN_UNINITIALIZED_AUTOS = YES_AGGRESSIVE;
				GCC_WARN_UNUSED_FUNCTION = YES;
				GCC_WARN_UNUSED_VARIABLE = YES;
				IPHONEOS_DEPLOYMENT_TARGET = 17.0;
				MTL_ENABLE_DEBUG_INFO = INCLUDE_SOURCE;
				MTL_FAST_MATH = YES;
				ONLY_ACTIVE_ARCH = YES;
				PRODUCT_NAME = "$(TARGET_NAME)";
				SDKROOT = iphoneos;
				SWIFT_ACTIVE_COMPILATION_CONDITIONS = DEBUG;
				SWIFT_OPTIMIZATION_LEVEL = "-Onone";
				SWIFT_VERSION = 5.10;
			};
			name = Debug;
		};
		BA9236E55C9C0C9060E10225 /* Release */ = {
			isa = XCBuildConfiguration;
			buildSettings = {
				ASSETCATALOG_COMPILER_APPICON_NAME = AppIcon;
				CODE_SIGN_ENTITLEMENTS = CalSnap/Resources/CalSnap.entitlements;
				CODE_SIGN_IDENTITY = "iPhone Developer";
				CURRENT_PROJECT_VERSION = 1;
				DEVELOPMENT_TEAM = "";
				GENERATE_INFOPLIST_FILE = NO;
				INFOPLIST_FILE = CalSnap/Resources/Info.plist;
				LD_RUNPATH_SEARCH_PATHS = (
					"$(inherited)",
					"@executable_path/Frameworks",
				);
				MARKETING_VERSION = 1.0;
				PRODUCT_BUNDLE_IDENTIFIER = com.calsnap.app;
				PRODUCT_NAME = CalSnap;
				SDKROOT = iphoneos;
				SWIFT_EMIT_LOC_STRINGS = YES;
				TARGETED_DEVICE_FAMILY = 1;
			};
			name = Release;
		};
		BAE9D3C8459146D5BD1A8922 /* Debug */ = {
			isa = XCBuildConfiguration;
			buildSettings = {
				BUNDLE_LOADER = "$(TEST_HOST)";
				GENERATE_INFOPLIST_FILE = YES;
				LD_RUNPATH_SEARCH_PATHS = (
					"$(inherited)",
					"@executable_path/Frameworks",
					"@loader_path/Frameworks",
				);
				PRODUCT_BUNDLE_IDENTIFIER = com.calsnap.app.tests;
				SDKROOT = iphoneos;
				TARGETED_DEVICE_FAMILY = 1;
				TEST_HOST = "$(BUILT_PRODUCTS_DIR)/CalSnap.app/CalSnap";
			};
			name = Debug;
		};
		BC424ADF4EE7CB6069426C4F /* Release */ = {
			isa = XCBuildConfiguration;
			buildSettings = {
				ALWAYS_SEARCH_USER_PATHS = NO;
				CLANG_ANALYZER_NONNULL = YES;
				CLANG_ANALYZER_NUMBER_OBJECT_CONVERSION = YES_AGGRESSIVE;
				CLANG_CXX_LANGUAGE_STANDARD = "gnu++14";
				CLANG_CXX_LIBRARY = "libc++";
				CLANG_ENABLE_MODULES = YES;
				CLANG_ENABLE_OBJC_ARC = YES;
				CLANG_ENABLE_OBJC_WEAK = YES;
				CLANG_WARN_BLOCK_CAPTURE_AUTORELEASING = YES;
				CLANG_WARN_BOOL_CONVERSION = YES;
				CLANG_WARN_COMMA = YES;
				CLANG_WARN_CONSTANT_CONVERSION = YES;
				CLANG_WARN_DEPRECATED_OBJC_IMPLEMENTATIONS = YES;
				CLANG_WARN_DIRECT_OBJC_ISA_USAGE = YES_ERROR;
				CLANG_WARN_DOCUMENTATION_COMMENTS = YES;
				CLANG_WARN_EMPTY_BODY = YES;
				CLANG_WARN_ENUM_CONVERSION = YES;
				CLANG_WARN_INFINITE_RECURSION = YES;
				CLANG_WARN_INT_CONVERSION = YES;
				CLANG_WARN_NON_LITERAL_NULL_CONVERSION = YES;
				CLANG_WARN_OBJC_IMPLICIT_RETAIN_SELF = YES;
				CLANG_WARN_OBJC_LITERAL_CONVERSION = YES;
				CLANG_WARN_OBJC_ROOT_CLASS = YES_ERROR;
				CLANG_WARN_QUOTED_INCLUDE_IN_FRAMEWORK_HEADER = YES;
				CLANG_WARN_RANGE_LOOP_ANALYSIS = YES;
				CLANG_WARN_STRICT_PROTOTYPES = YES;
				CLANG_WARN_SUSPICIOUS_MOVE = YES;
				CLANG_WARN_UNGUARDED_AVAILABILITY = YES_AGGRESSIVE;
				CLANG_WARN_UNREACHABLE_CODE = YES;
				CLANG_WARN__DUPLICATE_METHOD_MATCH = YES;
				COPY_PHASE_STRIP = NO;
				DEBUG_INFORMATION_FORMAT = "dwarf-with-dsym";
				ENABLE_NS_ASSERTIONS = NO;
				ENABLE_STRICT_OBJC_MSGSEND = YES;
				GCC_C_LANGUAGE_STANDARD = gnu11;
				GCC_NO_COMMON_BLOCKS = YES;
				GCC_WARN_64_TO_32_BIT_CONVERSION = YES;
				GCC_WARN_ABOUT_RETURN_TYPE = YES_ERROR;
				GCC_WARN_UNDECLARED_SELECTOR = YES;
				GCC_WARN_UNINITIALIZED_AUTOS = YES_AGGRESSIVE;
				GCC_WARN_UNUSED_FUNCTION = YES;
				GCC_WARN_UNUSED_VARIABLE = YES;
				IPHONEOS_DEPLOYMENT_TARGET = 17.0;
				MTL_ENABLE_DEBUG_INFO = NO;
				MTL_FAST_MATH = YES;
				PRODUCT_NAME = "$(TARGET_NAME)";
				SDKROOT = iphoneos;
				SWIFT_COMPILATION_MODE = wholemodule;
				SWIFT_OPTIMIZATION_LEVEL = "-O";
				SWIFT_VERSION = 5.10;
			};
			name = Release;
		};
/* End XCBuildConfiguration section */

/* Begin XCConfigurationList section */
		4084A2BA89ACDE258A0D58B0 /* Build configuration list for PBXNativeTarget "CalSnap" */ = {
			isa = XCConfigurationList;
			buildConfigurations = (
				0DE2E9BF210AC87200ADEA73 /* Debug */,
				BA9236E55C9C0C9060E10225 /* Release */,
			);
			defaultConfigurationIsVisible = 0;
			defaultConfigurationName = Debug;
		};
		4379A12B0107935351A60F9F /* Build configuration list for PBXProject "CalSnap" */ = {
			isa = XCConfigurationList;
			buildConfigurations = (
				B8962925A24BD2263E06EECF /* Debug */,
				BC424ADF4EE7CB6069426C4F /* Release */,
			);
			defaultConfigurationIsVisible = 0;
			defaultConfigurationName = Debug;
		};
		FD5229EB800ECE4CF2F4D16D /* Build configuration list for PBXNativeTarget "CalSnapTests" */ = {
			isa = XCConfigurationList;
			buildConfigurations = (
				BAE9D3C8459146D5BD1A8922 /* Debug */,
				90AF739913AD9B29138B7795 /* Release */,
			);
			defaultConfigurationIsVisible = 0;
			defaultConfigurationName = Debug;
		};
/* End XCConfigurationList section */

/* Begin XCRemoteSwiftPackageReference section */
		P1A2C3D4E5F6789012345678A /* XCRemoteSwiftPackageReference "generative-ai-swift" */ = {
			isa = XCRemoteSwiftPackageReference;
			repositoryURL = "https://github.com/google/generative-ai-swift";
			requirement = {
				kind = upToNextMajorVersion;
				minimumVersion = 0.5.0;
			};
		};
/* End XCRemoteSwiftPackageReference section */

/* Begin XCSwiftPackageProductDependency section */
		P2B3C4D5E6F7890123456789A /* GoogleGenerativeAI */ = {
			isa = XCSwiftPackageProductDependency;
			package = P1A2C3D4E5F6789012345678A /* XCRemoteSwiftPackageReference "generative-ai-swift" */;
			productName = GoogleGenerativeAI;
		};
/* End XCSwiftPackageProductDependency section */
	};
	rootObject = 4289E70DD2BC788EB4814590 /* Project object */;
}
